// !$*UTF8*$!
{
	archiveVersion = 1;
	classes = {
	};
	objectVersion = 46;
	objects = {

/* Begin PBXBuildFile section */
		43F057A51C6E417100875E98 /* AppDelegate.swift in Sources */ = {isa = PBXBuildFile; fileRef = 43F057A41C6E417100875E98 /* AppDelegate.swift */; };
		43F057A81C6E417100875E98 /* Reminder_LXZ.xcdatamodeld in Sources */ = {isa = PBXBuildFile; fileRef = 43F057A61C6E417100875E98 /* Reminder_LXZ.xcdatamodeld */; };
		43F057AA1C6E417100875E98 /* MasterViewController.swift in Sources */ = {isa = PBXBuildFile; fileRef = 43F057A91C6E417100875E98 /* MasterViewController.swift */; };
		43F057AC1C6E417100875E98 /* DetailViewController.swift in Sources */ = {isa = PBXBuildFile; fileRef = 43F057AB1C6E417100875E98 /* DetailViewController.swift */; };
		43F057AF1C6E417100875E98 /* Main.storyboard in Resources */ = {isa = PBXBuildFile; fileRef = 43F057AD1C6E417100875E98 /* Main.storyboard */; };
		43F057B11C6E417100875E98 /* Assets.xcassets in Resources */ = {isa = PBXBuildFile; fileRef = 43F057B01C6E417100875E98 /* Assets.xcassets */; };
		43F057B41C6E417100875E98 /* LaunchScreen.storyboard in Resources */ = {isa = PBXBuildFile; fileRef = 43F057B21C6E417100875E98 /* LaunchScreen.storyboard */; };
		43F057BF1C6E417200875E98 /* Reminder_LXZTests.swift in Sources */ = {isa = PBXBuildFile; fileRef = 43F057BE1C6E417200875E98 /* Reminder_LXZTests.swift */; };
		E77C77E91C73C08F00123DD8 /* EventTableViewCell.swift in Sources */ = {isa = PBXBuildFile; fileRef = E77C77E71C73C08F00123DD8 /* EventTableViewCell.swift */; };
/* End PBXBuildFile section */

/* Begin PBXContainerItemProxy section */
		43F057BB1C6E417200875E98 /* PBXContainerItemProxy */ = {
			isa = PBXContainerItemProxy;
			containerPortal = 43F057991C6E417100875E98 /* Project object */;
			proxyType = 1;
			remoteGlobalIDString = 43F057A01C6E417100875E98;
			remoteInfo = Reminder_LXZ;
		};
/* End PBXContainerItemProxy section */

/* Begin PBXFileReference section */
		43F057A11C6E417100875E98 /* Reminder_LXZ.app */ = {isa = PBXFileReference; explicitFileType = wrapper.application; includeInIndex = 0; path = Reminder_LXZ.app; sourceTree = BUILT_PRODUCTS_DIR; };
		43F057A41C6E417100875E98 /* AppDelegate.swift */ = {isa = PBXFileReference; lastKnownFileType = sourcecode.swift; path = AppDelegate.swift; sourceTree = "<group>"; };
		43F057A71C6E417100875E98 /* Reminder_LXZ.xcdatamodel */ = {isa = PBXFileReference; lastKnownFileType = wrapper.xcdatamodel; path = Reminder_LXZ.xcdatamodel; sourceTree = "<group>"; };
		43F057A91C6E417100875E98 /* MasterViewController.swift */ = {isa = PBXFileReference; lastKnownFileType = sourcecode.swift; path = MasterViewController.swift; sourceTree = "<group>"; };
		43F057AB1C6E417100875E98 /* DetailViewController.swift */ = {isa = PBXFileReference; lastKnownFileType = sourcecode.swift; path = DetailViewController.swift; sourceTree = "<group>"; };
		43F057AE1C6E417100875E98 /* Base */ = {isa = PBXFileReference; lastKnownFileType = file.storyboard; name = Base; path = Base.lproj/Main.storyboard; sourceTree = "<group>"; };
		43F057B01C6E417100875E98 /* Assets.xcassets */ = {isa = PBXFileReference; lastKnownFileType = folder.assetcatalog; path = Assets.xcassets; sourceTree = "<group>"; };
		43F057B31C6E417100875E98 /* Base */ = {isa = PBXFileReference; lastKnownFileType = file.storyboard; name = Base; path = Base.lproj/LaunchScreen.storyboard; sourceTree = "<group>"; };
		43F057B51C6E417100875E98 /* Info.plist */ = {isa = PBXFileReference; lastKnownFileType = text.plist.xml; path = Info.plist; sourceTree = "<group>"; };
		43F057BA1C6E417200875E98 /* Reminder_LXZTests.xctest */ = {isa = PBXFileReference; explicitFileType = wrapper.cfbundle; includeInIndex = 0; path = Reminder_LXZTests.xctest; sourceTree = BUILT_PRODUCTS_DIR; };
		43F057BE1C6E417200875E98 /* Reminder_LXZTests.swift */ = {isa = PBXFileReference; lastKnownFileType = sourcecode.swift; path = Reminder_LXZTests.swift; sourceTree = "<group>"; };
		43F057C01C6E417200875E98 /* Info.plist */ = {isa = PBXFileReference; lastKnownFileType = text.plist.xml; path = Info.plist; sourceTree = "<group>"; };
		E77C77E71C73C08F00123DD8 /* EventTableViewCell.swift */ = {isa = PBXFileReference; fileEncoding = 4; lastKnownFileType = sourcecode.swift; path = EventTableViewCell.swift; sourceTree = "<group>"; };
/* End PBXFileReference section */

/* Begin PBXFrameworksBuildPhase section */
		43F0579E1C6E417100875E98 /* Frameworks */ = {
			isa = PBXFrameworksBuildPhase;
			buildActionMask = 2147483647;
			files = (
			);
			runOnlyForDeploymentPostprocessing = 0;
		};
		43F057B71C6E417200875E98 /* Frameworks */ = {
			isa = PBXFrameworksBuildPhase;
			buildActionMask = 2147483647;
			files = (
			);
			runOnlyForDeploymentPostprocessing = 0;
		};
/* End PBXFrameworksBuildPhase section */

/* Begin PBXGroup section */
		43F057981C6E417100875E98 = {
			isa = PBXGroup;
			children = (
				43F057A31C6E417100875E98 /* Reminder_LXZ */,
				43F057BD1C6E417200875E98 /* Reminder_LXZTests */,
				43F057A21C6E417100875E98 /* Products */,
			);
			sourceTree = "<group>";
		};
		43F057A21C6E417100875E98 /* Products */ = {
			isa = PBXGroup;
			children = (
				43F057A11C6E417100875E98 /* Reminder_LXZ.app */,
				43F057BA1C6E417200875E98 /* Reminder_LXZTests.xctest */,
			);
			name = Products;
			sourceTree = "<group>";
		};
		43F057A31C6E417100875E98 /* Reminder_LXZ */ = {
			isa = PBXGroup;
			children = (
				43F057A41C6E417100875E98 /* AppDelegate.swift */,
				43F057A91C6E417100875E98 /* MasterViewController.swift */,
				43F057AB1C6E417100875E98 /* DetailViewController.swift */,
				43F057AD1C6E417100875E98 /* Main.storyboard */,
				43F057B01C6E417100875E98 /* Assets.xcassets */,
				43F057B21C6E417100875E98 /* LaunchScreen.storyboard */,
				43F057B51C6E417100875E98 /* Info.plist */,
				43F057A61C6E417100875E98 /* Reminder_LXZ.xcdatamodeld */,
				E77C77E71C73C08F00123DD8 /* EventTableViewCell.swift */,
			);
			path = Reminder_LXZ;
			sourceTree = "<group>";
		};
		43F057BD1C6E417200875E98 /* Reminder_LXZTests */ = {
			isa = PBXGroup;
			children = (
				43F057BE1C6E417200875E98 /* Reminder_LXZTests.swift */,
				43F057C01C6E417200875E98 /* Info.plist */,
			);
			path = Reminder_LXZTests;
			sourceTree = "<group>";
		};
/* End PBXGroup section */

/* Begin PBXNativeTarget section */
		43F057A01C6E417100875E98 /* Reminder_LXZ */ = {
			isa = PBXNativeTarget;
			buildConfigurationList = 43F057C31C6E417200875E98 /* Build configuration list for PBXNativeTarget "Reminder_LXZ" */;
			buildPhases = (
				43F0579D1C6E417100875E98 /* Sources */,
				43F0579E1C6E417100875E98 /* Frameworks */,
				43F0579F1C6E417100875E98 /* Resources */,
			);
			buildRules = (
			);
			dependencies = (
			);
			name = Reminder_LXZ;
			productName = Reminder_LXZ;
			productReference = 43F057A11C6E417100875E98 /* Reminder_LXZ.app */;
			productType = "com.apple.product-type.application";
		};
		43F057B91C6E417200875E98 /* Reminder_LXZTests */ = {
			isa = PBXNativeTarget;
			buildConfigurationList = 43F057C61C6E417200875E98 /* Build configuration list for PBXNativeTarget "Reminder_LXZTests" */;
			buildPhases = (
				43F057B61C6E417200875E98 /* Sources */,
				43F057B71C6E417200875E98 /* Frameworks */,
				43F057B81C6E417200875E98 /* Resources */,
			);
			buildRules = (
			);
			dependencies = (
				43F057BC1C6E417200875E98 /* PBXTargetDependency */,
			);
			name = Reminder_LXZTests;
			productName = Reminder_LXZTests;
			productReference = 43F057BA1C6E417200875E98 /* Reminder_LXZTests.xctest */;
			productType = "com.apple.product-type.bundle.unit-test";
		};
/* End PBXNativeTarget section */

/* Begin PBXProject section */
		43F057991C6E417100875E98 /* Project object */ = {
			isa = PBXProject;
			attributes = {
				LastSwiftUpdateCheck = 0720;
				LastUpgradeCheck = 0720;
				ORGANIZATIONNAME = "Yuanyang Zheng";
				TargetAttributes = {
					43F057A01C6E417100875E98 = {
						CreatedOnToolsVersion = 7.2.1;
						DevelopmentTeam = S5EVV9CS2Q;
					};
					43F057B91C6E417200875E98 = {
						CreatedOnToolsVersion = 7.2.1;
						DevelopmentTeam = S5EVV9CS2Q;
						TestTargetID = 43F057A01C6E417100875E98;
					};
				};
			};
			buildConfigurationList = 43F0579C1C6E417100875E98 /* Build configuration list for PBXProject "Reminder_LXZ" */;
			compatibilityVersion = "Xcode 3.2";
			developmentRegion = English;
			hasScannedForEncodings = 0;
			knownRegions = (
				en,
				Base,
			);
			mainGroup = 43F057981C6E417100875E98;
			productRefGroup = 43F057A21C6E417100875E98 /* Products */;
			projectDirPath = "";
			projectRoot = "";
			targets = (
				43F057A01C6E417100875E98 /* Reminder_LXZ */,
				43F057B91C6E417200875E98 /* Reminder_LXZTests */,
			);
		};
/* End PBXProject section */

/* Begin PBXResourcesBuildPhase section */
		43F0579F1C6E417100875E98 /* Resources */ = {
			isa = PBXResourcesBuildPhase;
			buildActionMask = 2147483647;
			files = (
				43F057B41C6E417100875E98 /* LaunchScreen.storyboard in Resources */,
				43F057B11C6E417100875E98 /* Assets.xcassets in Resources */,
				43F057AF1C6E417100875E98 /* Main.storyboard in Resources */,
			);
			runOnlyForDeploymentPostprocessing = 0;
		};
		43F057B81C6E417200875E98 /* Resources */ = {
			isa = PBXResourcesBuildPhase;
			buildActionMask = 2147483647;
			files = (
			);
			runOnlyForDeploymentPostprocessing = 0;
		};
/* End PBXResourcesBuildPhase section */

/* Begin PBXSourcesBuildPhase section */
		43F0579D1C6E417100875E98 /* Sources */ = {
			isa = PBXSourcesBuildPhase;
			buildActionMask = 2147483647;
			files = (
				43F057A81C6E417100875E98 /* Reminder_LXZ.xcdatamodeld in Sources */,
				43F057A51C6E417100875E98 /* AppDelegate.swift in Sources */,
				43F057AA1C6E417100875E98 /* MasterViewController.swift in Sources */,
				E77C77E91C73C08F00123DD8 /* EventTableViewCell.swift in Sources */,
				43F057AC1C6E417100875E98 /* DetailViewController.swift in Sources */,
			);
			runOnlyForDeploymentPostprocessing = 0;
		};
		43F057B61C6E417200875E98 /* Sources */ = {
			isa = PBXSourcesBuildPhase;
			buildActionMask = 2147483647;
			files = (
				43F057BF1C6E417200875E98 /* Reminder_LXZTests.swift in Sources */,
			);
			runOnlyForDeploymentPostprocessing = 0;
		};
/* End PBXSourcesBuildPhase section */

/* Begin PBXTargetDependency section */
		43F057BC1C6E417200875E98 /* PBXTargetDependency */ = {
			isa = PBXTargetDependency;
			target = 43F057A01C6E417100875E98 /* Reminder_LXZ */;
			targetProxy = 43F057BB1C6E417200875E98 /* PBXContainerItemProxy */;
		};
/* End PBXTargetDependency section */

/* Begin PBXVariantGroup section */
		43F057AD1C6E417100875E98 /* Main.storyboard */ = {
			isa = PBXVariantGroup;
			children = (
				43F057AE1C6E417100875E98 /* Base */,
			);
			name = Main.storyboard;
			sourceTree = "<group>";
		};
		43F057B21C6E417100875E98 /* LaunchScreen.storyboard */ = {
			isa = PBXVariantGroup;
			children = (
				43F057B31C6E417100875E98 /* Base */,
			);
			name = LaunchScreen.storyboard;
			sourceTree = "<group>";
		};
/* End PBXVariantGroup section */

/* Begin XCBuildConfiguration section */
		43F057C11C6E417200875E98 /* Debug */ = {
			isa = XCBuildConfiguration;
			buildSettings = {
				ALWAYS_SEARCH_USER_PATHS = NO;
				CLANG_CXX_LANGUAGE_STANDARD = "gnu++0x";
				CLANG_CXX_LIBRARY = "libc++";
				CLANG_ENABLE_MODULES = YES;
				CLANG_ENABLE_OBJC_ARC = YES;
				CLANG_WARN_BOOL_CONVERSION = YES;
				CLANG_WARN_CONSTANT_CONVERSION = YES;
				CLANG_WARN_DIRECT_OBJC_ISA_USAGE = YES_ERROR;
				CLANG_WARN_EMPTY_BODY = YES;
				CLANG_WARN_ENUM_CONVERSION = YES;
				CLANG_WARN_INT_CONVERSION = YES;
				CLANG_WARN_OBJC_ROOT_CLASS = YES_ERROR;
				CLANG_WARN_UNREACHABLE_CODE = YES;
				CLANG_WARN__DUPLICATE_METHOD_MATCH = YES;
				"CODE_SIGN_IDENTITY[sdk=iphoneos*]" = "iPhone Developer";
				COPY_PHASE_STRIP = NO;
				DEBUG_INFORMATION_FORMAT = dwarf;
				ENABLE_STRICT_OBJC_MSGSEND = YES;
				ENABLE_TESTABILITY = YES;
				GCC_C_LANGUAGE_STANDARD = gnu99;
				GCC_DYNAMIC_NO_PIC = NO;
				GCC_NO_COMMON_BLOCKS = YES;
				GCC_OPTIMIZATION_LEVEL = 0;
				GCC_PREPROCESSOR_DEFINITIONS = (
					"DEBUG=1",
					"$(inherited)",
				);
				GCC_WARN_64_TO_32_BIT_CONVERSION = YES;
				GCC_WARN_ABOUT_RETURN_TYPE = YES_ERROR;
				GCC_WARN_UNDECLARED_SELECTOR = YES;
				GCC_WARN_UNINITIALIZED_AUTOS = YES_AGGRESSIVE;
				GCC_WARN_UNUSED_FUNCTION = YES;
				GCC_WARN_UNUSED_VARIABLE = YES;
				IPHONEOS_DEPLOYMENT_TARGET = 9.2;
				MTL_ENABLE_DEBUG_INFO = YES;
				ONLY_ACTIVE_ARCH = YES;
				SDKROOT = iphoneos;
				SWIFT_OPTIMIZATION_LEVEL = "-Onone";
				TARGETED_DEVICE_FAMILY = "1,2";
			};
			name = Debug;
		};
		43F057C21C6E417200875E98 /* Release */ = {
			isa = XCBuildConfiguration;
			buildSettings = {
				ALWAYS_SEARCH_USER_PATHS = NO;
				CLANG_CXX_LANGUAGE_STANDARD = "gnu++0x";
				CLANG_CXX_LIBRARY = "libc++";
				CLANG_ENABLE_MODULES = YES;
				CLANG_ENABLE_OBJC_ARC = YES;
				CLANG_WARN_BOOL_CONVERSION = YES;
				CLANG_WARN_CONSTANT_CONVERSION = YES;
				CLANG_WARN_DIRECT_OBJC_ISA_USAGE = YES_ERROR;
				CLANG_WARN_EMPTY_BODY = YES;
				CLANG_WARN_ENUM_CONVERSION = YES;
				CLANG_WARN_INT_CONVERSION = YES;
				CLANG_WARN_OBJC_ROOT_CLASS = YES_ERROR;
				CLANG_WARN_UNREACHABLE_CODE = YES;
				CLANG_WARN__DUPLICATE_METHOD_MATCH = YES;
				"CODE_SIGN_IDENTITY[sdk=iphoneos*]" = "iPhone Developer";
				COPY_PHASE_STRIP = NO;
				DEBUG_INFORMATION_FORMAT = "dwarf-with-dsym";
				ENABLE_NS_ASSERTIONS = NO;
				ENABLE_STRICT_OBJC_MSGSEND = YES;
				GCC_C_LANGUAGE_STANDARD = gnu99;
				GCC_NO_COMMON_BLOCKS = YES;
				GCC_WARN_64_TO_32_BIT_CONVERSION = YES;
				GCC_WARN_ABOUT_RETURN_TYPE = YES_ERROR;
				GCC_WARN_UNDECLARED_SELECTOR = YES;
				GCC_WARN_UNINITIALIZED_AUTOS = YES_AGGRESSIVE;
				GCC_WARN_UNUSED_FUNCTION = YES;
				GCC_WARN_UNUSED_VARIABLE = YES;
				IPHONEOS_DEPLOYMENT_TARGET = 9.2;
				MTL_ENABLE_DEBUG_INFO = NO;
				SDKROOT = iphoneos;
				TARGETED_DEVICE_FAMILY = "1,2";
				VALIDATE_PRODUCT = YES;
			};
			name = Release;
		};
		43F057C41C6E417200875E98 /* Debug */ = {
			isa = XCBuildConfiguration;
			buildSettings = {
				ASSETCATALOG_COMPILER_APPICON_NAME = AppIcon;
				INFOPLIST_FILE = Reminder_LXZ/Info.plist;
				LD_RUNPATH_SEARCH_PATHS = "$(inherited) @executable_path/Frameworks";
				PRODUCT_BUNDLE_IDENTIFIER = "com.example.Reminder-LXZ";
				PRODUCT_NAME = "$(TARGET_NAME)";
			};
			name = Debug;
		};
		43F057C51C6E417200875E98 /* Release */ = {
			isa = XCBuildConfiguration;
			buildSettings = {
				ASSETCATALOG_COMPILER_APPICON_NAME = AppIcon;
				INFOPLIST_FILE = Reminder_LXZ/Info.plist;
				LD_RUNPATH_SEARCH_PATHS = "$(inherited) @executable_path/Frameworks";
				PRODUCT_BUNDLE_IDENTIFIER = "com.example.Reminder-LXZ";
				PRODUCT_NAME = "$(TARGET_NAME)";
			};
			name = Release;
		};
		43F057C71C6E417200875E98 /* Debug */ = {
			isa = XCBuildConfiguration;
			buildSettings = {
				BUNDLE_LOADER = "$(TEST_HOST)";
				INFOPLIST_FILE = Reminder_LXZTests/Info.plist;
				LD_RUNPATH_SEARCH_PATHS = "$(inherited) @executable_path/Frameworks @loader_path/Frameworks";
				PRODUCT_BUNDLE_IDENTIFIER = "com.example.Reminder-LXZTests";
				PRODUCT_NAME = "$(TARGET_NAME)";
				TEST_HOST = "$(BUILT_PRODUCTS_DIR)/Reminder_LXZ.app/Reminder_LXZ";
			};
			name = Debug;
		};
		43F057C81C6E417200875E98 /* Release */ = {
			isa = XCBuildConfiguration;
			buildSettings = {
				BUNDLE_LOADER = "$(TEST_HOST)";
				INFOPLIST_FILE = Reminder_LXZTests/Info.plist;
				LD_RUNPATH_SEARCH_PATHS = "$(inherited) @executable_path/Frameworks @loader_path/Frameworks";
				PRODUCT_BUNDLE_IDENTIFIER = "com.example.Reminder-LXZTests";
				PRODUCT_NAME = "$(TARGET_NAME)";
				TEST_HOST = "$(BUILT_PRODUCTS_DIR)/Reminder_LXZ.app/Reminder_LXZ";
			};
			name = Release;
		};
/* End XCBuildConfiguration section */

/* Begin XCConfigurationList section */
		43F0579C1C6E417100875E98 /* Build configuration list for PBXProject "Reminder_LXZ" */ = {
			isa = XCConfigurationList;
			buildConfigurations = (
				43F057C11C6E417200875E98 /* Debug */,
				43F057C21C6E417200875E98 /* Release */,
			);
			defaultConfigurationIsVisible = 0;
			defaultConfigurationName = Release;
		};
		43F057C31C6E417200875E98 /* Build configuration list for PBXNativeTarget "Reminder_LXZ" */ = {
			isa = XCConfigurationList;
			buildConfigurations = (
				43F057C41C6E417200875E98 /* Debug */,
				43F057C51C6E417200875E98 /* Release */,
			);
			defaultConfigurationIsVisible = 0;
			defaultConfigurationName = Release;
		};
		43F057C61C6E417200875E98 /* Build configuration list for PBXNativeTarget "Reminder_LXZTests" */ = {
			isa = XCConfigurationList;
			buildConfigurations = (
				43F057C71C6E417200875E98 /* Debug */,
				43F057C81C6E417200875E98 /* Release */,
			);
			defaultConfigurationIsVisible = 0;
			defaultConfigurationName = Release;
		};
/* End XCConfigurationList section */

/* Begin XCVersionGroup section */
		43F057A61C6E417100875E98 /* Reminder_LXZ.xcdatamodeld */ = {
			isa = XCVersionGroup;
			children = (
				43F057A71C6E417100875E98 /* Reminder_LXZ.xcdatamodel */,
			);
			currentVersion = 43F057A71C6E417100875E98 /* Reminder_LXZ.xcdatamodel */;
			path = Reminder_LXZ.xcdatamodeld;
			sourceTree = "<group>";
			versionGroupType = wrapper.xcdatamodel;
		};
/* End XCVersionGroup section */
	};
	rootObject = 43F057991C6E417100875E98 /* Project object */;
}
